
Microsoft Visual Studio Solution File, Format Version 12.00
# Visual Studio 2013
VisualStudioVersion = 12.0.40629.0
MinimumVisualStudioVersion = 10.0.40219.1
Project("{FAE04EC0-301F-11D3-BF4B-00C04F79EFBC}") = "testDate", "testDate\testDate.csproj", "{EE62B16F-8FC5-4BA6-A7EC-F418B1EB732C}"
EndProject
Global
	GlobalSection(SolutionConfigurationPlatforms) = preSolution
		Debug|Any CPU = Debug|Any CPU
		Release|Any CPU = Release|Any CPU
	EndGlobalSection
	GlobalSection(ProjectConfigurationPlatforms) = postSolution
		{EE62B16F-8FC5-4BA6-A7EC-F418B1EB732C}.Debug|Any CPU.ActiveCfg = Debug|Any CPU
		{EE62B16F-8FC5-4BA6-A7EC-F418B1EB732C}.Debug|Any CPU.Build.0 = Debug|Any CPU
		{EE62B16F-8FC5-4BA6-A7EC-F418B1EB732C}.Release|Any CPU.ActiveCfg = Release|Any CPU
		{EE62B16F-8FC5-4BA6-A7EC-F418B1EB732C}.Release|Any CPU.Build.0 = Release|Any CPU
	EndGlobalSection
	GlobalSection(SolutionProperties) = preSolution
		HideSolutionNode = FALSE
	EndGlobalSection
EndGlobal
