
Microsoft Visual Studio Solution File, Format Version 12.00
# Visual Studio 2013
VisualStudioVersion = 12.0.40629.0
MinimumVisualStudioVersion = 10.0.40219.1
Project("{FAE04EC0-301F-11D3-BF4B-00C04F79EFBC}") = "WCF", "WCF\WCF.csproj", "{BC1A0588-E276-4714-B563-E45C6855A1A9}"
EndProject
Project("{FAE04EC0-301F-11D3-BF4B-00C04F79EFBC}") = "WCFClient", "WCFClient\WCFClient.csproj", "{F8CF6DFD-5BA0-4BE9-BA59-2F3D7A491B93}"
EndProject
Project("{FAE04EC0-301F-11D3-BF4B-00C04F79EFBC}") = "WcfLibrary", "WcfLibrary\WcfLibrary.csproj", "{C8381AD6-8463-429C-98D1-F18FC516579B}"
EndProject
Project("{FAE04EC0-301F-11D3-BF4B-00C04F79EFBC}") = "WCFHost_Console", "WCFHost_Console\WCFHost_Console.csproj", "{28C3C84D-3E8E-4D25-8120-78093D1A5715}"
EndProject
Project("{FAE04EC0-301F-11D3-BF4B-00C04F79EFBC}") = "WCFClientWeb", "WCFClientWeb\WCFClientWeb.csproj", "{1F10BD52-9974-4B91-B433-790B03AB53C8}"
	ProjectSection(ProjectDependencies) = postProject
		{C8381AD6-8463-429C-98D1-F18FC516579B} = {C8381AD6-8463-429C-98D1-F18FC516579B}
	EndProjectSection
EndProject
Global
	GlobalSection(SolutionConfigurationPlatforms) = preSolution
		Debug|Any CPU = Debug|Any CPU
		Release|Any CPU = Release|Any CPU
	EndGlobalSection
	GlobalSection(ProjectConfigurationPlatforms) = postSolution
		{BC1A0588-E276-4714-B563-E45C6855A1A9}.Debug|Any CPU.ActiveCfg = Debug|Any CPU
		{BC1A0588-E276-4714-B563-E45C6855A1A9}.Debug|Any CPU.Build.0 = Debug|Any CPU
		{BC1A0588-E276-4714-B563-E45C6855A1A9}.Release|Any CPU.ActiveCfg = Release|Any CPU
		{BC1A0588-E276-4714-B563-E45C6855A1A9}.Release|Any CPU.Build.0 = Release|Any CPU
		{F8CF6DFD-5BA0-4BE9-BA59-2F3D7A491B93}.Debug|Any CPU.ActiveCfg = Debug|Any CPU
		{F8CF6DFD-5BA0-4BE9-BA59-2F3D7A491B93}.Debug|Any CPU.Build.0 = Debug|Any CPU
		{F8CF6DFD-5BA0-4BE9-BA59-2F3D7A491B93}.Release|Any CPU.ActiveCfg = Release|Any CPU
		{F8CF6DFD-5BA0-4BE9-BA59-2F3D7A491B93}.Release|Any CPU.Build.0 = Release|Any CPU
		{C8381AD6-8463-429C-98D1-F18FC516579B}.Debug|Any CPU.ActiveCfg = Debug|Any CPU
		{C8381AD6-8463-429C-98D1-F18FC516579B}.Debug|Any CPU.Build.0 = Debug|Any CPU
		{C8381AD6-8463-429C-98D1-F18FC516579B}.Release|Any CPU.ActiveCfg = Release|Any CPU
		{C8381AD6-8463-429C-98D1-F18FC516579B}.Release|Any CPU.Build.0 = Release|Any CPU
		{28C3C84D-3E8E-4D25-8120-78093D1A5715}.Debug|Any CPU.ActiveCfg = Debug|Any CPU
		{28C3C84D-3E8E-4D25-8120-78093D1A5715}.Debug|Any CPU.Build.0 = Debug|Any CPU
		{28C3C84D-3E8E-4D25-8120-78093D1A5715}.Release|Any CPU.ActiveCfg = Release|Any CPU
		{28C3C84D-3E8E-4D25-8120-78093D1A5715}.Release|Any CPU.Build.0 = Release|Any CPU
		{1F10BD52-9974-4B91-B433-790B03AB53C8}.Debug|Any CPU.ActiveCfg = Debug|Any CPU
		{1F10BD52-9974-4B91-B433-790B03AB53C8}.Debug|Any CPU.Build.0 = Debug|Any CPU
		{1F10BD52-9974-4B91-B433-790B03AB53C8}.Release|Any CPU.ActiveCfg = Release|Any CPU
		{1F10BD52-9974-4B91-B433-790B03AB53C8}.Release|Any CPU.Build.0 = Release|Any CPU
	EndGlobalSection
	GlobalSection(SolutionProperties) = preSolution
		HideSolutionNode = FALSE
	EndGlobalSection
EndGlobal
