
Microsoft Visual Studio Solution File, Format Version 12.00
# Visual Studio 2013
VisualStudioVersion = 12.0.40629.0
MinimumVisualStudioVersion = 10.0.40219.1
Project("{FAE04EC0-301F-11D3-BF4B-00C04F79EFBC}") = "ConnectSql", "ConnectSql\ConnectSql.csproj", "{BC7E4CA0-69D2-40BE-A333-72CB92012403}"
EndProject
Project("{FAE04EC0-301F-11D3-BF4B-00C04F79EFBC}") = "SqlToWinFrm", "SqlToWinFrm\SqlToWinFrm.csproj", "{917C3420-FB3F-48B9-B338-1D859D6A4220}"
EndProject
Project("{FAE04EC0-301F-11D3-BF4B-00C04F79EFBC}") = "ExcuteReaderFun", "ExcuteReaderFun\ExcuteReaderFun.csproj", "{09E1227A-A1A1-4078-A7C9-32A2F83F9D45}"
EndProject
Project("{FAE04EC0-301F-11D3-BF4B-00C04F79EFBC}") = "sqlWinfrm", "sqlWinfrm\sqlWinfrm.csproj", "{2A9D0421-3560-4B4E-8C92-A4160AC2E68D}"
EndProject
Project("{FAE04EC0-301F-11D3-BF4B-00C04F79EFBC}") = "UserLogin", "UserLogin\UserLogin.csproj", "{9BEBF942-42F6-4B58-824F-09562056BDB6}"
EndProject
Project("{FAE04EC0-301F-11D3-BF4B-00C04F79EFBC}") = "ADO_pool", "ADO_pool\ADO_pool.csproj", "{BC327649-64F1-4931-8D14-6363DECB02FD}"
EndProject
Project("{FAE04EC0-301F-11D3-BF4B-00C04F79EFBC}") = "SqlHelperClass", "SqlHelperClass\SqlHelperClass.csproj", "{CFCD8C44-DCD0-49CD-865C-3E7D98948083}"
EndProject
Project("{FAE04EC0-301F-11D3-BF4B-00C04F79EFBC}") = "CityChange", "CityChange\CityChange.csproj", "{8EFAB82E-44D2-46FC-840F-BD3D3C88CDEF}"
EndProject
Project("{FAE04EC0-301F-11D3-BF4B-00C04F79EFBC}") = "ConsoleApplication1", "ConsoleApplication1\ConsoleApplication1.csproj", "{551127AA-FE96-412D-A375-78B7F3AEC4BC}"
EndProject
Project("{FAE04EC0-301F-11D3-BF4B-00C04F79EFBC}") = "Thread", "Thread\Thread.csproj", "{F089C30C-E445-4E0D-AC51-8742E0EB8916}"
EndProject
Project("{FAE04EC0-301F-11D3-BF4B-00C04F79EFBC}") = "TimerTest", "TimerTest\TimerTest.csproj", "{EF4AE430-709C-4FED-B281-0E526C0EDB43}"
EndProject
Project("{FAE04EC0-301F-11D3-BF4B-00C04F79EFBC}") = "mdiForm", "mdiForm\mdiForm.csproj", "{317A6A6E-38E7-4EDC-8EE4-62CD377622E6}"
EndProject
Project("{FAE04EC0-301F-11D3-BF4B-00C04F79EFBC}") = "timerandpic", "timerandpic\timerandpic.csproj", "{E1BD578C-CC89-49DB-861D-A010FEC8BD32}"
EndProject
Project("{FAE04EC0-301F-11D3-BF4B-00C04F79EFBC}") = "winform构造函数传参", "winform构造函数传参\winform构造函数传参.csproj", "{D093ADA6-D0C1-4185-982C-0F5879ADF27A}"
EndProject
Project("{FAE04EC0-301F-11D3-BF4B-00C04F79EFBC}") = "Socket", "Socket\Socket.csproj", "{9B882B0A-F18B-4006-A329-51B6D68AC36B}"
EndProject
Project("{FAE04EC0-301F-11D3-BF4B-00C04F79EFBC}") = "XiaoFengBros", "XiaoFengBros\XiaoFengBros.csproj", "{2F9AB7BA-B74C-478C-BE68-EBC48C7CE982}"
EndProject
Project("{FAE04EC0-301F-11D3-BF4B-00C04F79EFBC}") = "nnArry", "nnArry\nnArry.csproj", "{6AFC1BF9-FFB3-4985-AB06-9E61A05702D3}"
EndProject
Project("{FAE04EC0-301F-11D3-BF4B-00C04F79EFBC}") = "记事本", "记事本\记事本.csproj", "{4D67E6AB-6940-44F0-8E93-80BE5CD53CDA}"
EndProject
Project("{FAE04EC0-301F-11D3-BF4B-00C04F79EFBC}") = "属性", "属性\属性.csproj", "{7654675B-34FF-407F-987C-63B8CF348F38}"
EndProject
Project("{FAE04EC0-301F-11D3-BF4B-00C04F79EFBC}") = "静态", "静态\静态.csproj", "{EF2CDB42-819A-4CB9-861D-4F2900146310}"
EndProject
Project("{FAE04EC0-301F-11D3-BF4B-00C04F79EFBC}") = "AddAddRangeTest", "AddAddRangeTest\AddAddRangeTest.csproj", "{5DE92C58-7208-4A65-A4CF-C4FEC9597D33}"
EndProject
Project("{FAE04EC0-301F-11D3-BF4B-00C04F79EFBC}") = "ConsoleApplication2", "ConsoleApplication2\ConsoleApplication2.csproj", "{1AB57D49-884A-4073-B50C-1FEAAA078524}"
EndProject
Project("{FAE04EC0-301F-11D3-BF4B-00C04F79EFBC}") = "ConsoleApplication3", "ConsoleApplication3\ConsoleApplication3.csproj", "{8F60A1E8-712A-4CD3-B9AF-F0DEFCBEB603}"
EndProject
Project("{FAE04EC0-301F-11D3-BF4B-00C04F79EFBC}") = "AddDll", "AddDll\AddDll.csproj", "{06EF3C35-7BBE-4087-9504-8606C7BF7028}"
EndProject
Project("{FAE04EC0-301F-11D3-BF4B-00C04F79EFBC}") = "processBar", "processBar\processBar.csproj", "{00A87C29-BFDD-4CA7-B774-8FDAF39EA0CE}"
EndProject
Project("{FAE04EC0-301F-11D3-BF4B-00C04F79EFBC}") = "ThreadTest", "ThreadTest\ThreadTest.csproj", "{C8185C4F-75D5-47F4-A601-EBEB307D4491}"
EndProject
Project("{FAE04EC0-301F-11D3-BF4B-00C04F79EFBC}") = "timerspan", "timerspan\timerspan.csproj", "{54D4C164-9E3D-4114-BED1-B2C4B4C5E9D4}"
EndProject
Project("{FAE04EC0-301F-11D3-BF4B-00C04F79EFBC}") = "datatabletest", "datatabletest\datatabletest.csproj", "{2ECDB19F-8647-44B2-8400-E53F8B8593EA}"
EndProject
Global
	GlobalSection(SolutionConfigurationPlatforms) = preSolution
		Debug|Any CPU = Debug|Any CPU
		Release|Any CPU = Release|Any CPU
	EndGlobalSection
	GlobalSection(ProjectConfigurationPlatforms) = postSolution
		{BC7E4CA0-69D2-40BE-A333-72CB92012403}.Debug|Any CPU.ActiveCfg = Debug|Any CPU
		{BC7E4CA0-69D2-40BE-A333-72CB92012403}.Debug|Any CPU.Build.0 = Debug|Any CPU
		{BC7E4CA0-69D2-40BE-A333-72CB92012403}.Release|Any CPU.ActiveCfg = Release|Any CPU
		{BC7E4CA0-69D2-40BE-A333-72CB92012403}.Release|Any CPU.Build.0 = Release|Any CPU
		{917C3420-FB3F-48B9-B338-1D859D6A4220}.Debug|Any CPU.ActiveCfg = Debug|Any CPU
		{917C3420-FB3F-48B9-B338-1D859D6A4220}.Debug|Any CPU.Build.0 = Debug|Any CPU
		{917C3420-FB3F-48B9-B338-1D859D6A4220}.Release|Any CPU.ActiveCfg = Release|Any CPU
		{917C3420-FB3F-48B9-B338-1D859D6A4220}.Release|Any CPU.Build.0 = Release|Any CPU
		{09E1227A-A1A1-4078-A7C9-32A2F83F9D45}.Debug|Any CPU.ActiveCfg = Debug|Any CPU
		{09E1227A-A1A1-4078-A7C9-32A2F83F9D45}.Debug|Any CPU.Build.0 = Debug|Any CPU
		{09E1227A-A1A1-4078-A7C9-32A2F83F9D45}.Release|Any CPU.ActiveCfg = Release|Any CPU
		{09E1227A-A1A1-4078-A7C9-32A2F83F9D45}.Release|Any CPU.Build.0 = Release|Any CPU
		{2A9D0421-3560-4B4E-8C92-A4160AC2E68D}.Debug|Any CPU.ActiveCfg = Debug|Any CPU
		{2A9D0421-3560-4B4E-8C92-A4160AC2E68D}.Debug|Any CPU.Build.0 = Debug|Any CPU
		{2A9D0421-3560-4B4E-8C92-A4160AC2E68D}.Release|Any CPU.ActiveCfg = Release|Any CPU
		{2A9D0421-3560-4B4E-8C92-A4160AC2E68D}.Release|Any CPU.Build.0 = Release|Any CPU
		{9BEBF942-42F6-4B58-824F-09562056BDB6}.Debug|Any CPU.ActiveCfg = Debug|Any CPU
		{9BEBF942-42F6-4B58-824F-09562056BDB6}.Debug|Any CPU.Build.0 = Debug|Any CPU
		{9BEBF942-42F6-4B58-824F-09562056BDB6}.Release|Any CPU.ActiveCfg = Release|Any CPU
		{9BEBF942-42F6-4B58-824F-09562056BDB6}.Release|Any CPU.Build.0 = Release|Any CPU
		{BC327649-64F1-4931-8D14-6363DECB02FD}.Debug|Any CPU.ActiveCfg = Debug|Any CPU
		{BC327649-64F1-4931-8D14-6363DECB02FD}.Debug|Any CPU.Build.0 = Debug|Any CPU
		{BC327649-64F1-4931-8D14-6363DECB02FD}.Release|Any CPU.ActiveCfg = Release|Any CPU
		{BC327649-64F1-4931-8D14-6363DECB02FD}.Release|Any CPU.Build.0 = Release|Any CPU
		{CFCD8C44-DCD0-49CD-865C-3E7D98948083}.Debug|Any CPU.ActiveCfg = Debug|Any CPU
		{CFCD8C44-DCD0-49CD-865C-3E7D98948083}.Debug|Any CPU.Build.0 = Debug|Any CPU
		{CFCD8C44-DCD0-49CD-865C-3E7D98948083}.Release|Any CPU.ActiveCfg = Release|Any CPU
		{CFCD8C44-DCD0-49CD-865C-3E7D98948083}.Release|Any CPU.Build.0 = Release|Any CPU
		{8EFAB82E-44D2-46FC-840F-BD3D3C88CDEF}.Debug|Any CPU.ActiveCfg = Debug|Any CPU
		{8EFAB82E-44D2-46FC-840F-BD3D3C88CDEF}.Debug|Any CPU.Build.0 = Debug|Any CPU
		{8EFAB82E-44D2-46FC-840F-BD3D3C88CDEF}.Release|Any CPU.ActiveCfg = Release|Any CPU
		{8EFAB82E-44D2-46FC-840F-BD3D3C88CDEF}.Release|Any CPU.Build.0 = Release|Any CPU
		{551127AA-FE96-412D-A375-78B7F3AEC4BC}.Debug|Any CPU.ActiveCfg = Debug|Any CPU
		{551127AA-FE96-412D-A375-78B7F3AEC4BC}.Debug|Any CPU.Build.0 = Debug|Any CPU
		{551127AA-FE96-412D-A375-78B7F3AEC4BC}.Release|Any CPU.ActiveCfg = Release|Any CPU
		{551127AA-FE96-412D-A375-78B7F3AEC4BC}.Release|Any CPU.Build.0 = Release|Any CPU
		{F089C30C-E445-4E0D-AC51-8742E0EB8916}.Debug|Any CPU.ActiveCfg = Debug|Any CPU
		{F089C30C-E445-4E0D-AC51-8742E0EB8916}.Debug|Any CPU.Build.0 = Debug|Any CPU
		{F089C30C-E445-4E0D-AC51-8742E0EB8916}.Release|Any CPU.ActiveCfg = Release|Any CPU
		{F089C30C-E445-4E0D-AC51-8742E0EB8916}.Release|Any CPU.Build.0 = Release|Any CPU
		{EF4AE430-709C-4FED-B281-0E526C0EDB43}.Debug|Any CPU.ActiveCfg = Debug|Any CPU
		{EF4AE430-709C-4FED-B281-0E526C0EDB43}.Debug|Any CPU.Build.0 = Debug|Any CPU
		{EF4AE430-709C-4FED-B281-0E526C0EDB43}.Release|Any CPU.ActiveCfg = Release|Any CPU
		{EF4AE430-709C-4FED-B281-0E526C0EDB43}.Release|Any CPU.Build.0 = Release|Any CPU
		{317A6A6E-38E7-4EDC-8EE4-62CD377622E6}.Debug|Any CPU.ActiveCfg = Debug|Any CPU
		{317A6A6E-38E7-4EDC-8EE4-62CD377622E6}.Debug|Any CPU.Build.0 = Debug|Any CPU
		{317A6A6E-38E7-4EDC-8EE4-62CD377622E6}.Release|Any CPU.ActiveCfg = Release|Any CPU
		{317A6A6E-38E7-4EDC-8EE4-62CD377622E6}.Release|Any CPU.Build.0 = Release|Any CPU
		{E1BD578C-CC89-49DB-861D-A010FEC8BD32}.Debug|Any CPU.ActiveCfg = Debug|Any CPU
		{E1BD578C-CC89-49DB-861D-A010FEC8BD32}.Debug|Any CPU.Build.0 = Debug|Any CPU
		{E1BD578C-CC89-49DB-861D-A010FEC8BD32}.Release|Any CPU.ActiveCfg = Release|Any CPU
		{E1BD578C-CC89-49DB-861D-A010FEC8BD32}.Release|Any CPU.Build.0 = Release|Any CPU
		{D093ADA6-D0C1-4185-982C-0F5879ADF27A}.Debug|Any CPU.ActiveCfg = Debug|Any CPU
		{D093ADA6-D0C1-4185-982C-0F5879ADF27A}.Debug|Any CPU.Build.0 = Debug|Any CPU
		{D093ADA6-D0C1-4185-982C-0F5879ADF27A}.Release|Any CPU.ActiveCfg = Release|Any CPU
		{D093ADA6-D0C1-4185-982C-0F5879ADF27A}.Release|Any CPU.Build.0 = Release|Any CPU
		{9B882B0A-F18B-4006-A329-51B6D68AC36B}.Debug|Any CPU.ActiveCfg = Debug|Any CPU
		{9B882B0A-F18B-4006-A329-51B6D68AC36B}.Debug|Any CPU.Build.0 = Debug|Any CPU
		{9B882B0A-F18B-4006-A329-51B6D68AC36B}.Release|Any CPU.ActiveCfg = Release|Any CPU
		{9B882B0A-F18B-4006-A329-51B6D68AC36B}.Release|Any CPU.Build.0 = Release|Any CPU
		{2F9AB7BA-B74C-478C-BE68-EBC48C7CE982}.Debug|Any CPU.ActiveCfg = Debug|Any CPU
		{2F9AB7BA-B74C-478C-BE68-EBC48C7CE982}.Debug|Any CPU.Build.0 = Debug|Any CPU
		{2F9AB7BA-B74C-478C-BE68-EBC48C7CE982}.Release|Any CPU.ActiveCfg = Release|Any CPU
		{2F9AB7BA-B74C-478C-BE68-EBC48C7CE982}.Release|Any CPU.Build.0 = Release|Any CPU
		{6AFC1BF9-FFB3-4985-AB06-9E61A05702D3}.Debug|Any CPU.ActiveCfg = Debug|Any CPU
		{6AFC1BF9-FFB3-4985-AB06-9E61A05702D3}.Debug|Any CPU.Build.0 = Debug|Any CPU
		{6AFC1BF9-FFB3-4985-AB06-9E61A05702D3}.Release|Any CPU.ActiveCfg = Release|Any CPU
		{6AFC1BF9-FFB3-4985-AB06-9E61A05702D3}.Release|Any CPU.Build.0 = Release|Any CPU
		{4D67E6AB-6940-44F0-8E93-80BE5CD53CDA}.Debug|Any CPU.ActiveCfg = Debug|Any CPU
		{4D67E6AB-6940-44F0-8E93-80BE5CD53CDA}.Debug|Any CPU.Build.0 = Debug|Any CPU
		{4D67E6AB-6940-44F0-8E93-80BE5CD53CDA}.Release|Any CPU.ActiveCfg = Release|Any CPU
		{4D67E6AB-6940-44F0-8E93-80BE5CD53CDA}.Release|Any CPU.Build.0 = Release|Any CPU
		{7654675B-34FF-407F-987C-63B8CF348F38}.Debug|Any CPU.ActiveCfg = Debug|Any CPU
		{7654675B-34FF-407F-987C-63B8CF348F38}.Debug|Any CPU.Build.0 = Debug|Any CPU
		{7654675B-34FF-407F-987C-63B8CF348F38}.Release|Any CPU.ActiveCfg = Release|Any CPU
		{7654675B-34FF-407F-987C-63B8CF348F38}.Release|Any CPU.Build.0 = Release|Any CPU
		{EF2CDB42-819A-4CB9-861D-4F2900146310}.Debug|Any CPU.ActiveCfg = Debug|Any CPU
		{EF2CDB42-819A-4CB9-861D-4F2900146310}.Debug|Any CPU.Build.0 = Debug|Any CPU
		{EF2CDB42-819A-4CB9-861D-4F2900146310}.Release|Any CPU.ActiveCfg = Release|Any CPU
		{EF2CDB42-819A-4CB9-861D-4F2900146310}.Release|Any CPU.Build.0 = Release|Any CPU
		{5DE92C58-7208-4A65-A4CF-C4FEC9597D33}.Debug|Any CPU.ActiveCfg = Debug|Any CPU
		{5DE92C58-7208-4A65-A4CF-C4FEC9597D33}.Debug|Any CPU.Build.0 = Debug|Any CPU
		{5DE92C58-7208-4A65-A4CF-C4FEC9597D33}.Release|Any CPU.ActiveCfg = Release|Any CPU
		{5DE92C58-7208-4A65-A4CF-C4FEC9597D33}.Release|Any CPU.Build.0 = Release|Any CPU
		{1AB57D49-884A-4073-B50C-1FEAAA078524}.Debug|Any CPU.ActiveCfg = Debug|Any CPU
		{1AB57D49-884A-4073-B50C-1FEAAA078524}.Debug|Any CPU.Build.0 = Debug|Any CPU
		{1AB57D49-884A-4073-B50C-1FEAAA078524}.Release|Any CPU.ActiveCfg = Release|Any CPU
		{1AB57D49-884A-4073-B50C-1FEAAA078524}.Release|Any CPU.Build.0 = Release|Any CPU
		{8F60A1E8-712A-4CD3-B9AF-F0DEFCBEB603}.Debug|Any CPU.ActiveCfg = Debug|Any CPU
		{8F60A1E8-712A-4CD3-B9AF-F0DEFCBEB603}.Debug|Any CPU.Build.0 = Debug|Any CPU
		{8F60A1E8-712A-4CD3-B9AF-F0DEFCBEB603}.Release|Any CPU.ActiveCfg = Release|Any CPU
		{8F60A1E8-712A-4CD3-B9AF-F0DEFCBEB603}.Release|Any CPU.Build.0 = Release|Any CPU
		{06EF3C35-7BBE-4087-9504-8606C7BF7028}.Debug|Any CPU.ActiveCfg = Debug|Any CPU
		{06EF3C35-7BBE-4087-9504-8606C7BF7028}.Debug|Any CPU.Build.0 = Debug|Any CPU
		{06EF3C35-7BBE-4087-9504-8606C7BF7028}.Release|Any CPU.ActiveCfg = Release|Any CPU
		{06EF3C35-7BBE-4087-9504-8606C7BF7028}.Release|Any CPU.Build.0 = Release|Any CPU
		{00A87C29-BFDD-4CA7-B774-8FDAF39EA0CE}.Debug|Any CPU.ActiveCfg = Debug|Any CPU
		{00A87C29-BFDD-4CA7-B774-8FDAF39EA0CE}.Debug|Any CPU.Build.0 = Debug|Any CPU
		{00A87C29-BFDD-4CA7-B774-8FDAF39EA0CE}.Release|Any CPU.ActiveCfg = Release|Any CPU
		{00A87C29-BFDD-4CA7-B774-8FDAF39EA0CE}.Release|Any CPU.Build.0 = Release|Any CPU
		{C8185C4F-75D5-47F4-A601-EBEB307D4491}.Debug|Any CPU.ActiveCfg = Debug|Any CPU
		{C8185C4F-75D5-47F4-A601-EBEB307D4491}.Debug|Any CPU.Build.0 = Debug|Any CPU
		{C8185C4F-75D5-47F4-A601-EBEB307D4491}.Release|Any CPU.ActiveCfg = Release|Any CPU
		{C8185C4F-75D5-47F4-A601-EBEB307D4491}.Release|Any CPU.Build.0 = Release|Any CPU
		{54D4C164-9E3D-4114-BED1-B2C4B4C5E9D4}.Debug|Any CPU.ActiveCfg = Debug|Any CPU
		{54D4C164-9E3D-4114-BED1-B2C4B4C5E9D4}.Debug|Any CPU.Build.0 = Debug|Any CPU
		{54D4C164-9E3D-4114-BED1-B2C4B4C5E9D4}.Release|Any CPU.ActiveCfg = Release|Any CPU
		{54D4C164-9E3D-4114-BED1-B2C4B4C5E9D4}.Release|Any CPU.Build.0 = Release|Any CPU
		{2ECDB19F-8647-44B2-8400-E53F8B8593EA}.Debug|Any CPU.ActiveCfg = Debug|Any CPU
		{2ECDB19F-8647-44B2-8400-E53F8B8593EA}.Debug|Any CPU.Build.0 = Debug|Any CPU
		{2ECDB19F-8647-44B2-8400-E53F8B8593EA}.Release|Any CPU.ActiveCfg = Release|Any CPU
		{2ECDB19F-8647-44B2-8400-E53F8B8593EA}.Release|Any CPU.Build.0 = Release|Any CPU
	EndGlobalSection
	GlobalSection(SolutionProperties) = preSolution
		HideSolutionNode = FALSE
	EndGlobalSection
EndGlobal
